{
	"name": "foundation",
	"version": "0.996.0",
	"lockfileVersion": 1,
	"requires": true,
	"dependencies": {
		"ts-md5": {
			"version": "1.2.4",
			"resolved": "https://registry.npmjs.org/ts-md5/-/ts-md5-1.2.4.tgz",
			"integrity": "sha512-oW+rNjc9CAhalPFzbPWsLqPLzdNcJ8iSm+OXO+Uv+99r3PzCJuM5sVc0bO1eS+4LD2xv+nfU7ylBdwoemUV9Yw=="
		},
		"utils": {
			"version": "git+https://github.com/coderlang/utils.git#5331960bf4f6214828be290b3c539230a3b1422f",
			"from": "git+https://github.com/coderlang/utils.git#master",
			"requires": {
				"ts-md5": "1.2.4"
			}
		}
	}
}
