{
	"name": "foundation",
	"version": "0.996.0",
	"lockfileVersion": 1,
	"requires": true,
	"dependencies": {
		"utils": {
			"version": "git+https://github.com/coderlang/utils.git#b3f01ddc84132201abcc21a62d6cb0dead346283",
			"from": "git+https://github.com/coderlang/utils.git#b3f01ddc84132201abcc21a62d6cb0dead346283"
		}
	}
}
